
Microsoft Visual Studio Solution File, Format Version 12.00
# Visual Studio 15
Project("{FAE04EC0-301F-11D3-BF4B-00C04F79EFBC}") = "Assembly-CSharp", "Assembly-CSharp.csproj", "{0B5415D1-D3E6-6719-4C52-E339055890FF}"
EndProject
Project("{FAE04EC0-301F-11D3-BF4B-00C04F79EFBC}") = "BilibiliDanmu", "BilibiliDanmu.csproj", "{A48C60E5-A7C0-056A-D379-CC87FB255188}"
EndProject
Global
	GlobalSection(SolutionConfigurationPlatforms) = preSolution
		Debug|Any CPU = Debug|Any CPU
		Release|Any CPU = Release|Any CPU
	EndGlobalSection
	GlobalSection(ProjectConfigurationPlatforms) = postSolution
		{0B5415D1-D3E6-6719-4C52-E339055890FF}.Debug|Any CPU.ActiveCfg = Debug|Any CPU
		{0B5415D1-D3E6-6719-4C52-E339055890FF}.Debug|Any CPU.Build.0 = Debug|Any CPU
		{0B5415D1-D3E6-6719-4C52-E339055890FF}.Release|Any CPU.ActiveCfg = Release|Any CPU
		{0B5415D1-D3E6-6719-4C52-E339055890FF}.Release|Any CPU.Build.0 = Release|Any CPU
		{A48C60E5-A7C0-056A-D379-CC87FB255188}.Debug|Any CPU.ActiveCfg = Debug|Any CPU
		{A48C60E5-A7C0-056A-D379-CC87FB255188}.Debug|Any CPU.Build.0 = Debug|Any CPU
		{A48C60E5-A7C0-056A-D379-CC87FB255188}.Release|Any CPU.ActiveCfg = Release|Any CPU
		{A48C60E5-A7C0-056A-D379-CC87FB255188}.Release|Any CPU.Build.0 = Release|Any CPU
	EndGlobalSection
	GlobalSection(SolutionProperties) = preSolution
		HideSolutionNode = FALSE
	EndGlobalSection
EndGlobal
